
Microsoft Visual Studio Solution File, Format Version 12.00
# Visual Studio Version 17
VisualStudioVersion = 17.5.33424.131
MinimumVisualStudioVersion = 10.0.40219.1
Project("{2150E333-8FDC-42A3-9474-1A3956D46DE8}") = "Services", "Services", "{71128429-705F-43D9-BEDA-95F4682637CD}"
EndProject
Project("{2150E333-8FDC-42A3-9474-1A3956D46DE8}") = "Catalog", "Catalog", "{931B3182-4CC8-403A-9718-E5E627C73B0D}"
EndProject
Project("{2150E333-8FDC-42A3-9474-1A3956D46DE8}") = "Solution Items", "Solution Items", "{AA262A80-C01D-489E-8C55-2D98AB880813}"
	ProjectSection(SolutionItems) = preProject
		.editorconfig = .editorconfig
		Ports.txt = Ports.txt
	EndProjectSection
EndProject
Project("{2150E333-8FDC-42A3-9474-1A3956D46DE8}") = "Shared", "Shared", "{E278BB2F-8376-4EEF-BCAA-100D0B894B47}"
EndProject
Project("{9A19103F-16F7-4668-BE54-9A1E7A4F7556}") = "TAO.Services.Catalog", "Services\Catalog\TAO.Services.Catalog\TAO.Services.Catalog.csproj", "{E27E5527-CAD4-4546-AED4-C31938D07FFB}"
EndProject
Project("{9A19103F-16F7-4668-BE54-9A1E7A4F7556}") = "TAO.Shared", "Shared\TAO.Shared\TAO.Shared.csproj", "{0AFB22C7-3D4B-4994-8464-27AF64010492}"
EndProject
Project("{2150E333-8FDC-42A3-9474-1A3956D46DE8}") = "PhotoStock", "PhotoStock", "{3AD76D53-2ADC-4CC1-B535-DFC9941AD4D1}"
EndProject
Project("{FAE04EC0-301F-11D3-BF4B-00C04F79EFBC}") = "TAO.Services.PhotoStock", "Services\PhotoStock\TAO.Services.PhotoStock\TAO.Services.PhotoStock.csproj", "{BDF3C83A-466B-4F39-82C0-F93D8246DFDC}"
EndProject
Global
	GlobalSection(SolutionConfigurationPlatforms) = preSolution
		Debug|Any CPU = Debug|Any CPU
		Release|Any CPU = Release|Any CPU
	EndGlobalSection
	GlobalSection(ProjectConfigurationPlatforms) = postSolution
		{E27E5527-CAD4-4546-AED4-C31938D07FFB}.Debug|Any CPU.ActiveCfg = Debug|Any CPU
		{E27E5527-CAD4-4546-AED4-C31938D07FFB}.Debug|Any CPU.Build.0 = Debug|Any CPU
		{E27E5527-CAD4-4546-AED4-C31938D07FFB}.Release|Any CPU.ActiveCfg = Release|Any CPU
		{E27E5527-CAD4-4546-AED4-C31938D07FFB}.Release|Any CPU.Build.0 = Release|Any CPU
		{0AFB22C7-3D4B-4994-8464-27AF64010492}.Debug|Any CPU.ActiveCfg = Debug|Any CPU
		{0AFB22C7-3D4B-4994-8464-27AF64010492}.Debug|Any CPU.Build.0 = Debug|Any CPU
		{0AFB22C7-3D4B-4994-8464-27AF64010492}.Release|Any CPU.ActiveCfg = Release|Any CPU
		{0AFB22C7-3D4B-4994-8464-27AF64010492}.Release|Any CPU.Build.0 = Release|Any CPU
		{BDF3C83A-466B-4F39-82C0-F93D8246DFDC}.Debug|Any CPU.ActiveCfg = Debug|Any CPU
		{BDF3C83A-466B-4F39-82C0-F93D8246DFDC}.Debug|Any CPU.Build.0 = Debug|Any CPU
		{BDF3C83A-466B-4F39-82C0-F93D8246DFDC}.Release|Any CPU.ActiveCfg = Release|Any CPU
		{BDF3C83A-466B-4F39-82C0-F93D8246DFDC}.Release|Any CPU.Build.0 = Release|Any CPU
	EndGlobalSection
	GlobalSection(SolutionProperties) = preSolution
		HideSolutionNode = FALSE
	EndGlobalSection
	GlobalSection(NestedProjects) = preSolution
		{931B3182-4CC8-403A-9718-E5E627C73B0D} = {71128429-705F-43D9-BEDA-95F4682637CD}
		{E27E5527-CAD4-4546-AED4-C31938D07FFB} = {931B3182-4CC8-403A-9718-E5E627C73B0D}
		{0AFB22C7-3D4B-4994-8464-27AF64010492} = {E278BB2F-8376-4EEF-BCAA-100D0B894B47}
		{3AD76D53-2ADC-4CC1-B535-DFC9941AD4D1} = {71128429-705F-43D9-BEDA-95F4682637CD}
		{BDF3C83A-466B-4F39-82C0-F93D8246DFDC} = {3AD76D53-2ADC-4CC1-B535-DFC9941AD4D1}
	EndGlobalSection
	GlobalSection(ExtensibilityGlobals) = postSolution
		SolutionGuid = {6C0B57C4-074E-44BE-8372-B3C6D11F4BF3}
	EndGlobalSection
EndGlobal
